// !$*UTF8*$!
{
	archiveVersion = 1;
	classes = {
	};
	objectVersion = 46;
	objects = {

/* Begin PBXBuildFile section */
		551847571F18713F001EC26A /* AppDelegate.swift in Sources */ = {isa = PBXBuildFile; fileRef = 551847561F18713F001EC26A /* AppDelegate.swift */; };
		551847591F18713F001EC26A /* ViewController.swift in Sources */ = {isa = PBXBuildFile; fileRef = 551847581F18713F001EC26A /* ViewController.swift */; };
		5518475C1F18713F001EC26A /* Main.storyboard in Resources */ = {isa = PBXBuildFile; fileRef = 5518475A1F18713F001EC26A /* Main.storyboard */; };
		5518475E1F18713F001EC26A /* Assets.xcassets in Resources */ = {isa = PBXBuildFile; fileRef = 5518475D1F18713F001EC26A /* Assets.xcassets */; };
		551847611F18713F001EC26A /* LaunchScreen.storyboard in Resources */ = {isa = PBXBuildFile; fileRef = 5518475F1F18713F001EC26A /* LaunchScreen.storyboard */; };
		551847691F1877EE001EC26A /* addVViewController.swift in Sources */ = {isa = PBXBuildFile; fileRef = 551847681F1877EE001EC26A /* addVViewController.swift */; };
		5518476B1F187898001EC26A /* VacationListTableViewController.swift in Sources */ = {isa = PBXBuildFile; fileRef = 5518476A1F187898001EC26A /* VacationListTableViewController.swift */; };
		5518476D1F18993C001EC26A /* Vacation.swift in Sources */ = {isa = PBXBuildFile; fileRef = 5518476C1F18993B001EC26A /* Vacation.swift */; };
/* End PBXBuildFile section */

/* Begin PBXFileReference section */
		551847531F18713F001EC26A /* ui_1.app */ = {isa = PBXFileReference; explicitFileType = wrapper.application; includeInIndex = 0; path = ui_1.app; sourceTree = BUILT_PRODUCTS_DIR; };
		551847561F18713F001EC26A /* AppDelegate.swift */ = {isa = PBXFileReference; lastKnownFileType = sourcecode.swift; path = AppDelegate.swift; sourceTree = "<group>"; };
		551847581F18713F001EC26A /* ViewController.swift */ = {isa = PBXFileReference; lastKnownFileType = sourcecode.swift; path = ViewController.swift; sourceTree = "<group>"; };
		5518475B1F18713F001EC26A /* Base */ = {isa = PBXFileReference; lastKnownFileType = file.storyboard; name = Base; path = Base.lproj/Main.storyboard; sourceTree = "<group>"; };
		5518475D1F18713F001EC26A /* Assets.xcassets */ = {isa = PBXFileReference; lastKnownFileType = folder.assetcatalog; path = Assets.xcassets; sourceTree = "<group>"; };
		551847601F18713F001EC26A /* Base */ = {isa = PBXFileReference; lastKnownFileType = file.storyboard; name = Base; path = Base.lproj/LaunchScreen.storyboard; sourceTree = "<group>"; };
		551847621F18713F001EC26A /* Info.plist */ = {isa = PBXFileReference; lastKnownFileType = text.plist.xml; path = Info.plist; sourceTree = "<group>"; };
		551847681F1877EE001EC26A /* addVViewController.swift */ = {isa = PBXFileReference; fileEncoding = 4; lastKnownFileType = sourcecode.swift; path = addVViewController.swift; sourceTree = "<group>"; };
		5518476A1F187898001EC26A /* VacationListTableViewController.swift */ = {isa = PBXFileReference; fileEncoding = 4; lastKnownFileType = sourcecode.swift; path = VacationListTableViewController.swift; sourceTree = "<group>"; };
		5518476C1F18993B001EC26A /* Vacation.swift */ = {isa = PBXFileReference; fileEncoding = 4; lastKnownFileType = sourcecode.swift; path = Vacation.swift; sourceTree = "<group>"; };
/* End PBXFileReference section */

/* Begin PBXFrameworksBuildPhase section */
		551847501F18713F001EC26A /* Frameworks */ = {
			isa = PBXFrameworksBuildPhase;
			buildActionMask = 2147483647;
			files = (
			);
			runOnlyForDeploymentPostprocessing = 0;
		};
/* End PBXFrameworksBuildPhase section */

/* Begin PBXGroup section */
		5518474A1F18713F001EC26A = {
			isa = PBXGroup;
			children = (
				551847551F18713F001EC26A /* ui_1 */,
				551847541F18713F001EC26A /* Products */,
			);
			sourceTree = "<group>";
		};
		551847541F18713F001EC26A /* Products */ = {
			isa = PBXGroup;
			children = (
				551847531F18713F001EC26A /* ui_1.app */,
			);
			name = Products;
			sourceTree = "<group>";
		};
		551847551F18713F001EC26A /* ui_1 */ = {
			isa = PBXGroup;
			children = (
				551847561F18713F001EC26A /* AppDelegate.swift */,
				5518476C1F18993B001EC26A /* Vacation.swift */,
				551847581F18713F001EC26A /* ViewController.swift */,
				5518475A1F18713F001EC26A /* Main.storyboard */,
				5518476A1F187898001EC26A /* VacationListTableViewController.swift */,
				551847681F1877EE001EC26A /* addVViewController.swift */,
				5518475D1F18713F001EC26A /* Assets.xcassets */,
				5518475F1F18713F001EC26A /* LaunchScreen.storyboard */,
				551847621F18713F001EC26A /* Info.plist */,
			);
			path = ui_1;
			sourceTree = "<group>";
		};
/* End PBXGroup section */

/* Begin PBXNativeTarget section */
		551847521F18713F001EC26A /* ui_1 */ = {
			isa = PBXNativeTarget;
			buildConfigurationList = 551847651F18713F001EC26A /* Build configuration list for PBXNativeTarget "ui_1" */;
			buildPhases = (
				5518474F1F18713F001EC26A /* Sources */,
				551847501F18713F001EC26A /* Frameworks */,
				551847511F18713F001EC26A /* Resources */,
			);
			buildRules = (
			);
			dependencies = (
			);
			name = ui_1;
			productName = ui_1;
			productReference = 551847531F18713F001EC26A /* ui_1.app */;
			productType = "com.apple.product-type.application";
		};
/* End PBXNativeTarget section */

/* Begin PBXProject section */
		5518474B1F18713F001EC26A /* Project object */ = {
			isa = PBXProject;
			attributes = {
				LastUpgradeCheck = 0710;
				ORGANIZATIONNAME = idea_liujl;
				TargetAttributes = {
					551847521F18713F001EC26A = {
						CreatedOnToolsVersion = 7.1;
					};
				};
			};
			buildConfigurationList = 5518474E1F18713F001EC26A /* Build configuration list for PBXProject "ui_1" */;
			compatibilityVersion = "Xcode 3.2";
			developmentRegion = English;
			hasScannedForEncodings = 0;
			knownRegions = (
				en,
				Base,
			);
			mainGroup = 5518474A1F18713F001EC26A;
			productRefGroup = 551847541F18713F001EC26A /* Products */;
			projectDirPath = "";
			projectRoot = "";
			targets = (
				551847521F18713F001EC26A /* ui_1 */,
			);
		};
/* End PBXProject section */

/* Begin PBXResourcesBuildPhase section */
		551847511F18713F001EC26A /* Resources */ = {
			isa = PBXResourcesBuildPhase;
			buildActionMask = 2147483647;
			files = (
				551847611F18713F001EC26A /* LaunchScreen.storyboard in Resources */,
				5518475E1F18713F001EC26A /* Assets.xcassets in Resources */,
				5518475C1F18713F001EC26A /* Main.storyboard in Resources */,
			);
			runOnlyForDeploymentPostprocessing = 0;
		};
/* End PBXResourcesBuildPhase section */

/* Begin PBXSourcesBuildPhase section */
		5518474F1F18713F001EC26A /* Sources */ = {
			isa = PBXSourcesBuildPhase;
			buildActionMask = 2147483647;
			files = (
				5518476D1F18993C001EC26A /* Vacation.swift in Sources */,
				5518476B1F187898001EC26A /* VacationListTableViewController.swift in Sources */,
				551847691F1877EE001EC26A /* addVViewController.swift in Sources */,
				551847591F18713F001EC26A /* ViewController.swift in Sources */,
				551847571F18713F001EC26A /* AppDelegate.swift in Sources */,
			);
			runOnlyForDeploymentPostprocessing = 0;
		};
/* End PBXSourcesBuildPhase section */

/* Begin PBXVariantGroup section */
		5518475A1F18713F001EC26A /* Main.storyboard */ = {
			isa = PBXVariantGroup;
			children = (
				5518475B1F18713F001EC26A /* Base */,
			);
			name = Main.storyboard;
			sourceTree = "<group>";
		};
		5518475F1F18713F001EC26A /* LaunchScreen.storyboard */ = {
			isa = PBXVariantGroup;
			children = (
				551847601F18713F001EC26A /* Base */,
			);
			name = LaunchScreen.storyboard;
			sourceTree = "<group>";
		};
/* End PBXVariantGroup section */

/* Begin XCBuildConfiguration section */
		551847631F18713F001EC26A /* Debug */ = {
			isa = XCBuildConfiguration;
			buildSettings = {
				ALWAYS_SEARCH_USER_PATHS = NO;
				CLANG_CXX_LANGUAGE_STANDARD = "gnu++0x";
				CLANG_CXX_LIBRARY = "libc++";
				CLANG_ENABLE_MODULES = YES;
				CLANG_ENABLE_OBJC_ARC = YES;
				CLANG_WARN_BOOL_CONVERSION = YES;
				CLANG_WARN_CONSTANT_CONVERSION = YES;
				CLANG_WARN_DIRECT_OBJC_ISA_USAGE = YES_ERROR;
				CLANG_WARN_EMPTY_BODY = YES;
				CLANG_WARN_ENUM_CONVERSION = YES;
				CLANG_WARN_INT_CONVERSION = YES;
				CLANG_WARN_OBJC_ROOT_CLASS = YES_ERROR;
				CLANG_WARN_UNREACHABLE_CODE = YES;
				CLANG_WARN__DUPLICATE_METHOD_MATCH = YES;
				"CODE_SIGN_IDENTITY[sdk=iphoneos*]" = "iPhone Developer";
				COPY_PHASE_STRIP = NO;
				DEBUG_INFORMATION_FORMAT = dwarf;
				ENABLE_STRICT_OBJC_MSGSEND = YES;
				ENABLE_TESTABILITY = YES;
				GCC_C_LANGUAGE_STANDARD = gnu99;
				GCC_DYNAMIC_NO_PIC = NO;
				GCC_NO_COMMON_BLOCKS = YES;
				GCC_OPTIMIZATION_LEVEL = 0;
				GCC_PREPROCESSOR_DEFINITIONS = (
					"DEBUG=1",
					"$(inherited)",
				);
				GCC_WARN_64_TO_32_BIT_CONVERSION = YES;
				GCC_WARN_ABOUT_RETURN_TYPE = YES_ERROR;
				GCC_WARN_UNDECLARED_SELECTOR = YES;
				GCC_WARN_UNINITIALIZED_AUTOS = YES_AGGRESSIVE;
				GCC_WARN_UNUSED_FUNCTION = YES;
				GCC_WARN_UNUSED_VARIABLE = YES;
				IPHONEOS_DEPLOYMENT_TARGET = 9.1;
				MTL_ENABLE_DEBUG_INFO = YES;
				ONLY_ACTIVE_ARCH = YES;
				SDKROOT = iphoneos;
				SWIFT_OPTIMIZATION_LEVEL = "-Onone";
			};
			name = Debug;
		};
		551847641F18713F001EC26A /* Release */ = {
			isa = XCBuildConfiguration;
			buildSettings = {
				ALWAYS_SEARCH_USER_PATHS = NO;
				CLANG_CXX_LANGUAGE_STANDARD = "gnu++0x";
				CLANG_CXX_LIBRARY = "libc++";
				CLANG_ENABLE_MODULES = YES;
				CLANG_ENABLE_OBJC_ARC = YES;
				CLANG_WARN_BOOL_CONVERSION = YES;
				CLANG_WARN_CONSTANT_CONVERSION = YES;
				CLANG_WARN_DIRECT_OBJC_ISA_USAGE = YES_ERROR;
				CLANG_WARN_EMPTY_BODY = YES;
				CLANG_WARN_ENUM_CONVERSION = YES;
				CLANG_WARN_INT_CONVERSION = YES;
				CLANG_WARN_OBJC_ROOT_CLASS = YES_ERROR;
				CLANG_WARN_UNREACHABLE_CODE = YES;
				CLANG_WARN__DUPLICATE_METHOD_MATCH = YES;
				"CODE_SIGN_IDENTITY[sdk=iphoneos*]" = "iPhone Developer";
				COPY_PHASE_STRIP = NO;
				DEBUG_INFORMATION_FORMAT = "dwarf-with-dsym";
				ENABLE_NS_ASSERTIONS = NO;
				ENABLE_STRICT_OBJC_MSGSEND = YES;
				GCC_C_LANGUAGE_STANDARD = gnu99;
				GCC_NO_COMMON_BLOCKS = YES;
				GCC_WARN_64_TO_32_BIT_CONVERSION = YES;
				GCC_WARN_ABOUT_RETURN_TYPE = YES_ERROR;
				GCC_WARN_UNDECLARED_SELECTOR = YES;
				GCC_WARN_UNINITIALIZED_AUTOS = YES_AGGRESSIVE;
				GCC_WARN_UNUSED_FUNCTION = YES;
				GCC_WARN_UNUSED_VARIABLE = YES;
				IPHONEOS_DEPLOYMENT_TARGET = 9.1;
				MTL_ENABLE_DEBUG_INFO = NO;
				SDKROOT = iphoneos;
				VALIDATE_PRODUCT = YES;
			};
			name = Release;
		};
		551847661F18713F001EC26A /* Debug */ = {
			isa = XCBuildConfiguration;
			buildSettings = {
				ASSETCATALOG_COMPILER_APPICON_NAME = AppIcon;
				INFOPLIST_FILE = ui_1/Info.plist;
				LD_RUNPATH_SEARCH_PATHS = "$(inherited) @executable_path/Frameworks";
				PRODUCT_BUNDLE_IDENTIFIER = "com.day1.ui-1";
				PRODUCT_NAME = "$(TARGET_NAME)";
			};
			name = Debug;
		};
		551847671F18713F001EC26A /* Release */ = {
			isa = XCBuildConfiguration;
			buildSettings = {
				ASSETCATALOG_COMPILER_APPICON_NAME = AppIcon;
				INFOPLIST_FILE = ui_1/Info.plist;
				LD_RUNPATH_SEARCH_PATHS = "$(inherited) @executable_path/Frameworks";
				PRODUCT_BUNDLE_IDENTIFIER = "com.day1.ui-1";
				PRODUCT_NAME = "$(TARGET_NAME)";
			};
			name = Release;
		};
/* End XCBuildConfiguration section */

/* Begin XCConfigurationList section */
		5518474E1F18713F001EC26A /* Build configuration list for PBXProject "ui_1" */ = {
			isa = XCConfigurationList;
			buildConfigurations = (
				551847631F18713F001EC26A /* Debug */,
				551847641F18713F001EC26A /* Release */,
			);
			defaultConfigurationIsVisible = 0;
			defaultConfigurationName = Release;
		};
		551847651F18713F001EC26A /* Build configuration list for PBXNativeTarget "ui_1" */ = {
			isa = XCConfigurationList;
			buildConfigurations = (
				551847661F18713F001EC26A /* Debug */,
				551847671F18713F001EC26A /* Release */,
			);
			defaultConfigurationIsVisible = 0;
		};
/* End XCConfigurationList section */
	};
	rootObject = 5518474B1F18713F001EC26A /* Project object */;
}
